// !$*UTF8*$!
{
	archiveVersion = 1;
	classes = {
	};
	objectVersion = 46;
	objects = {

/* Begin PBXBuildFile section */
		0F6A86A61B8C08B100AADC40 /* AppDelegate.swift in Sources */ = {isa = PBXBuildFile; fileRef = 0F6A86A51B8C08B100AADC40 /* AppDelegate.swift */; };
		0F6A86A81B8C08B100AADC40 /* ViewController.swift in Sources */ = {isa = PBXBuildFile; fileRef = 0F6A86A71B8C08B100AADC40 /* ViewController.swift */; };
		0F6A86AB1B8C08B100AADC40 /* Main.storyboard in Resources */ = {isa = PBXBuildFile; fileRef = 0F6A86A91B8C08B100AADC40 /* Main.storyboard */; };
		0F6A86AD1B8C08B100AADC40 /* Assets.xcassets in Resources */ = {isa = PBXBuildFile; fileRef = 0F6A86AC1B8C08B100AADC40 /* Assets.xcassets */; };
		0F6A86B01B8C08B100AADC40 /* LaunchScreen.storyboard in Resources */ = {isa = PBXBuildFile; fileRef = 0F6A86AE1B8C08B100AADC40 /* LaunchScreen.storyboard */; };
		0F6A86B81B8C08CD00AADC40 /* ZSeatSelector.swift in Sources */ = {isa = PBXBuildFile; fileRef = 0F6A86B71B8C08CD00AADC40 /* ZSeatSelector.swift */; };
		0F6A86BD1B8C0DBF00AADC40 /* A@2x.png in Resources */ = {isa = PBXBuildFile; fileRef = 0F6A86B91B8C0DBF00AADC40 /* A@2x.png */; };
		0F6A86BE1B8C0DBF00AADC40 /* D@2x.png in Resources */ = {isa = PBXBuildFile; fileRef = 0F6A86BA1B8C0DBF00AADC40 /* D@2x.png */; };
		0F6A86BF1B8C0DBF00AADC40 /* S@2x.png in Resources */ = {isa = PBXBuildFile; fileRef = 0F6A86BB1B8C0DBF00AADC40 /* S@2x.png */; };
		0F6A86C01B8C0DBF00AADC40 /* U@2x.png in Resources */ = {isa = PBXBuildFile; fileRef = 0F6A86BC1B8C0DBF00AADC40 /* U@2x.png */; };
/* End PBXBuildFile section */

/* Begin PBXFileReference section */
		0F6A86A21B8C08B100AADC40 /* ZSeatSelector_Swift.app */ = {isa = PBXFileReference; explicitFileType = wrapper.application; includeInIndex = 0; path = ZSeatSelector_Swift.app; sourceTree = BUILT_PRODUCTS_DIR; };
		0F6A86A51B8C08B100AADC40 /* AppDelegate.swift */ = {isa = PBXFileReference; lastKnownFileType = sourcecode.swift; path = AppDelegate.swift; sourceTree = "<group>"; };
		0F6A86A71B8C08B100AADC40 /* ViewController.swift */ = {isa = PBXFileReference; lastKnownFileType = sourcecode.swift; path = ViewController.swift; sourceTree = "<group>"; };
		0F6A86AA1B8C08B100AADC40 /* Base */ = {isa = PBXFileReference; lastKnownFileType = file.storyboard; name = Base; path = Base.lproj/Main.storyboard; sourceTree = "<group>"; };
		0F6A86AC1B8C08B100AADC40 /* Assets.xcassets */ = {isa = PBXFileReference; lastKnownFileType = folder.assetcatalog; path = Assets.xcassets; sourceTree = "<group>"; };
		0F6A86AF1B8C08B100AADC40 /* Base */ = {isa = PBXFileReference; lastKnownFileType = file.storyboard; name = Base; path = Base.lproj/LaunchScreen.storyboard; sourceTree = "<group>"; };
		0F6A86B11B8C08B100AADC40 /* Info.plist */ = {isa = PBXFileReference; lastKnownFileType = text.plist.xml; path = Info.plist; sourceTree = "<group>"; };
		0F6A86B71B8C08CD00AADC40 /* ZSeatSelector.swift */ = {isa = PBXFileReference; fileEncoding = 4; lastKnownFileType = sourcecode.swift; path = ZSeatSelector.swift; sourceTree = "<group>"; };
		0F6A86B91B8C0DBF00AADC40 /* A@2x.png */ = {isa = PBXFileReference; lastKnownFileType = image.png; path = "A@2x.png"; sourceTree = "<group>"; };
		0F6A86BA1B8C0DBF00AADC40 /* D@2x.png */ = {isa = PBXFileReference; lastKnownFileType = image.png; path = "D@2x.png"; sourceTree = "<group>"; };
		0F6A86BB1B8C0DBF00AADC40 /* S@2x.png */ = {isa = PBXFileReference; lastKnownFileType = image.png; path = "S@2x.png"; sourceTree = "<group>"; };
		0F6A86BC1B8C0DBF00AADC40 /* U@2x.png */ = {isa = PBXFileReference; lastKnownFileType = image.png; path = "U@2x.png"; sourceTree = "<group>"; };
/* End PBXFileReference section */

/* Begin PBXFrameworksBuildPhase section */
		0F6A869F1B8C08B100AADC40 /* Frameworks */ = {
			isa = PBXFrameworksBuildPhase;
			buildActionMask = 2147483647;
			files = (
			);
			runOnlyForDeploymentPostprocessing = 0;
		};
/* End PBXFrameworksBuildPhase section */

/* Begin PBXGroup section */
		0F6A86991B8C08B100AADC40 = {
			isa = PBXGroup;
			children = (
				0F6A86A41B8C08B100AADC40 /* ZSeatSelector_Swift */,
				0F6A86A31B8C08B100AADC40 /* Products */,
			);
			sourceTree = "<group>";
		};
		0F6A86A31B8C08B100AADC40 /* Products */ = {
			isa = PBXGroup;
			children = (
				0F6A86A21B8C08B100AADC40 /* ZSeatSelector_Swift.app */,
			);
			name = Products;
			sourceTree = "<group>";
		};
		0F6A86A41B8C08B100AADC40 /* ZSeatSelector_Swift */ = {
			isa = PBXGroup;
			children = (
				0F6A86A51B8C08B100AADC40 /* AppDelegate.swift */,
				0F6A86A71B8C08B100AADC40 /* ViewController.swift */,
				0F6A86B71B8C08CD00AADC40 /* ZSeatSelector.swift */,
				0F6A86A91B8C08B100AADC40 /* Main.storyboard */,
				0F6A86B91B8C0DBF00AADC40 /* A@2x.png */,
				0F6A86BA1B8C0DBF00AADC40 /* D@2x.png */,
				0F6A86BB1B8C0DBF00AADC40 /* S@2x.png */,
				0F6A86BC1B8C0DBF00AADC40 /* U@2x.png */,
				0F6A86AC1B8C08B100AADC40 /* Assets.xcassets */,
				0F6A86AE1B8C08B100AADC40 /* LaunchScreen.storyboard */,
				0F6A86B11B8C08B100AADC40 /* Info.plist */,
			);
			path = ZSeatSelector_Swift;
			sourceTree = "<group>";
		};
/* End PBXGroup section */

/* Begin PBXNativeTarget section */
		0F6A86A11B8C08B100AADC40 /* ZSeatSelector_Swift */ = {
			isa = PBXNativeTarget;
			buildConfigurationList = 0F6A86B41B8C08B100AADC40 /* Build configuration list for PBXNativeTarget "ZSeatSelector_Swift" */;
			buildPhases = (
				0F6A869E1B8C08B100AADC40 /* Sources */,
				0F6A869F1B8C08B100AADC40 /* Frameworks */,
				0F6A86A01B8C08B100AADC40 /* Resources */,
			);
			buildRules = (
			);
			dependencies = (
			);
			name = ZSeatSelector_Swift;
			productName = ZSeatSelector_Swift;
			productReference = 0F6A86A21B8C08B100AADC40 /* ZSeatSelector_Swift.app */;
			productType = "com.apple.product-type.application";
		};
/* End PBXNativeTarget section */

/* Begin PBXProject section */
		0F6A869A1B8C08B100AADC40 /* Project object */ = {
			isa = PBXProject;
			attributes = {
				LastSwiftMigration = 0700;
				LastUpgradeCheck = 0700;
				ORGANIZATIONNAME = "Ricardo Zertuche";
				TargetAttributes = {
					0F6A86A11B8C08B100AADC40 = {
						CreatedOnToolsVersion = 7.0;
						LastSwiftMigration = 0820;
					};
				};
			};
			buildConfigurationList = 0F6A869D1B8C08B100AADC40 /* Build configuration list for PBXProject "ZSeatSelector_Swift" */;
			compatibilityVersion = "Xcode 3.2";
			developmentRegion = English;
			hasScannedForEncodings = 0;
			knownRegions = (
				en,
				Base,
			);
			mainGroup = 0F6A86991B8C08B100AADC40;
			productRefGroup = 0F6A86A31B8C08B100AADC40 /* Products */;
			projectDirPath = "";
			projectRoot = "";
			targets = (
				0F6A86A11B8C08B100AADC40 /* ZSeatSelector_Swift */,
			);
		};
/* End PBXProject section */

/* Begin PBXResourcesBuildPhase section */
		0F6A86A01B8C08B100AADC40 /* Resources */ = {
			isa = PBXResourcesBuildPhase;
			buildActionMask = 2147483647;
			files = (
				0F6A86BF1B8C0DBF00AADC40 /* S@2x.png in Resources */,
				0F6A86B01B8C08B100AADC40 /* LaunchScreen.storyboard in Resources */,
				0F6A86C01B8C0DBF00AADC40 /* U@2x.png in Resources */,
				0F6A86AD1B8C08B100AADC40 /* Assets.xcassets in Resources */,
				0F6A86BE1B8C0DBF00AADC40 /* D@2x.png in Resources */,
				0F6A86BD1B8C0DBF00AADC40 /* A@2x.png in Resources */,
				0F6A86AB1B8C08B100AADC40 /* Main.storyboard in Resources */,
			);
			runOnlyForDeploymentPostprocessing = 0;
		};
/* End PBXResourcesBuildPhase section */

/* Begin PBXSourcesBuildPhase section */
		0F6A869E1B8C08B100AADC40 /* Sources */ = {
			isa = PBXSourcesBuildPhase;
			buildActionMask = 2147483647;
			files = (
				0F6A86A81B8C08B100AADC40 /* ViewController.swift in Sources */,
				0F6A86B81B8C08CD00AADC40 /* ZSeatSelector.swift in Sources */,
				0F6A86A61B8C08B100AADC40 /* AppDelegate.swift in Sources */,
			);
			runOnlyForDeploymentPostprocessing = 0;
		};
/* End PBXSourcesBuildPhase section */

/* Begin PBXVariantGroup section */
		0F6A86A91B8C08B100AADC40 /* Main.storyboard */ = {
			isa = PBXVariantGroup;
			children = (
				0F6A86AA1B8C08B100AADC40 /* Base */,
			);
			name = Main.storyboard;
			sourceTree = "<group>";
		};
		0F6A86AE1B8C08B100AADC40 /* LaunchScreen.storyboard */ = {
			isa = PBXVariantGroup;
			children = (
				0F6A86AF1B8C08B100AADC40 /* Base */,
			);
			name = LaunchScreen.storyboard;
			sourceTree = "<group>";
		};
/* End PBXVariantGroup section */

/* Begin XCBuildConfiguration section */
		0F6A86B21B8C08B100AADC40 /* Debug */ = {
			isa = XCBuildConfiguration;
			buildSettings = {
				ALWAYS_SEARCH_USER_PATHS = NO;
				CLANG_CXX_LANGUAGE_STANDARD = "gnu++0x";
				CLANG_CXX_LIBRARY = "libc++";
				CLANG_ENABLE_MODULES = YES;
				CLANG_ENABLE_OBJC_ARC = YES;
				CLANG_WARN_BOOL_CONVERSION = YES;
				CLANG_WARN_CONSTANT_CONVERSION = YES;
				CLANG_WARN_DIRECT_OBJC_ISA_USAGE = YES_ERROR;
				CLANG_WARN_EMPTY_BODY = YES;
				CLANG_WARN_ENUM_CONVERSION = YES;
				CLANG_WARN_INT_CONVERSION = YES;
				CLANG_WARN_OBJC_ROOT_CLASS = YES_ERROR;
				CLANG_WARN_UNREACHABLE_CODE = YES;
				CLANG_WARN__DUPLICATE_METHOD_MATCH = YES;
				"CODE_SIGN_IDENTITY[sdk=iphoneos*]" = "iPhone Developer";
				COPY_PHASE_STRIP = NO;
				DEBUG_INFORMATION_FORMAT = dwarf;
				ENABLE_STRICT_OBJC_MSGSEND = YES;
				ENABLE_TESTABILITY = YES;
				GCC_C_LANGUAGE_STANDARD = gnu99;
				GCC_DYNAMIC_NO_PIC = NO;
				GCC_NO_COMMON_BLOCKS = YES;
				GCC_OPTIMIZATION_LEVEL = 0;
				GCC_PREPROCESSOR_DEFINITIONS = (
					"DEBUG=1",
					"$(inherited)",
				);
				GCC_WARN_64_TO_32_BIT_CONVERSION = YES;
				GCC_WARN_ABOUT_RETURN_TYPE = YES_ERROR;
				GCC_WARN_UNDECLARED_SELECTOR = YES;
				GCC_WARN_UNINITIALIZED_AUTOS = YES_AGGRESSIVE;
				GCC_WARN_UNUSED_FUNCTION = YES;
				GCC_WARN_UNUSED_VARIABLE = YES;
				IPHONEOS_DEPLOYMENT_TARGET = 9.0;
				MTL_ENABLE_DEBUG_INFO = YES;
				ONLY_ACTIVE_ARCH = YES;
				SDKROOT = iphoneos;
				SWIFT_OPTIMIZATION_LEVEL = "-Onone";
			};
			name = Debug;
		};
		0F6A86B31B8C08B100AADC40 /* Release */ = {
			isa = XCBuildConfiguration;
			buildSettings = {
				ALWAYS_SEARCH_USER_PATHS = NO;
				CLANG_CXX_LANGUAGE_STANDARD = "gnu++0x";
				CLANG_CXX_LIBRARY = "libc++";
				CLANG_ENABLE_MODULES = YES;
				CLANG_ENABLE_OBJC_ARC = YES;
				CLANG_WARN_BOOL_CONVERSION = YES;
				CLANG_WARN_CONSTANT_CONVERSION = YES;
				CLANG_WARN_DIRECT_OBJC_ISA_USAGE = YES_ERROR;
				CLANG_WARN_EMPTY_BODY = YES;
				CLANG_WARN_ENUM_CONVERSION = YES;
				CLANG_WARN_INT_CONVERSION = YES;
				CLANG_WARN_OBJC_ROOT_CLASS = YES_ERROR;
				CLANG_WARN_UNREACHABLE_CODE = YES;
				CLANG_WARN__DUPLICATE_METHOD_MATCH = YES;
				"CODE_SIGN_IDENTITY[sdk=iphoneos*]" = "iPhone Developer";
				COPY_PHASE_STRIP = NO;
				DEBUG_INFORMATION_FORMAT = "dwarf-with-dsym";
				ENABLE_NS_ASSERTIONS = NO;
				ENABLE_STRICT_OBJC_MSGSEND = YES;
				GCC_C_LANGUAGE_STANDARD = gnu99;
				GCC_NO_COMMON_BLOCKS = YES;
				GCC_WARN_64_TO_32_BIT_CONVERSION = YES;
				GCC_WARN_ABOUT_RETURN_TYPE = YES_ERROR;
				GCC_WARN_UNDECLARED_SELECTOR = YES;
				GCC_WARN_UNINITIALIZED_AUTOS = YES_AGGRESSIVE;
				GCC_WARN_UNUSED_FUNCTION = YES;
				GCC_WARN_UNUSED_VARIABLE = YES;
				IPHONEOS_DEPLOYMENT_TARGET = 9.0;
				MTL_ENABLE_DEBUG_INFO = NO;
				SDKROOT = iphoneos;
				VALIDATE_PRODUCT = YES;
			};
			name = Release;
		};
		0F6A86B51B8C08B100AADC40 /* Debug */ = {
			isa = XCBuildConfiguration;
			buildSettings = {
				ASSETCATALOG_COMPILER_APPICON_NAME = AppIcon;
				INFOPLIST_FILE = ZSeatSelector_Swift/Info.plist;
				LD_RUNPATH_SEARCH_PATHS = "$(inherited) @executable_path/Frameworks";
				PRODUCT_BUNDLE_IDENTIFIER = "zertuche.ZSeatSelector-Swift";
				PRODUCT_NAME = "$(TARGET_NAME)";
				SWIFT_VERSION = 3.0;
			};
			name = Debug;
		};
		0F6A86B61B8C08B100AADC40 /* Release */ = {
			isa = XCBuildConfiguration;
			buildSettings = {
				ASSETCATALOG_COMPILER_APPICON_NAME = AppIcon;
				INFOPLIST_FILE = ZSeatSelector_Swift/Info.plist;
				LD_RUNPATH_SEARCH_PATHS = "$(inherited) @executable_path/Frameworks";
				PRODUCT_BUNDLE_IDENTIFIER = "zertuche.ZSeatSelector-Swift";
				PRODUCT_NAME = "$(TARGET_NAME)";
				SWIFT_VERSION = 3.0;
			};
			name = Release;
		};
/* End XCBuildConfiguration section */

/* Begin XCConfigurationList section */
		0F6A869D1B8C08B100AADC40 /* Build configuration list for PBXProject "ZSeatSelector_Swift" */ = {
			isa = XCConfigurationList;
			buildConfigurations = (
				0F6A86B21B8C08B100AADC40 /* Debug */,
				0F6A86B31B8C08B100AADC40 /* Release */,
			);
			defaultConfigurationIsVisible = 0;
			defaultConfigurationName = Release;
		};
		0F6A86B41B8C08B100AADC40 /* Build configuration list for PBXNativeTarget "ZSeatSelector_Swift" */ = {
			isa = XCConfigurationList;
			buildConfigurations = (
				0F6A86B51B8C08B100AADC40 /* Debug */,
				0F6A86B61B8C08B100AADC40 /* Release */,
			);
			defaultConfigurationIsVisible = 0;
			defaultConfigurationName = Release;
		};
/* End XCConfigurationList section */
	};
	rootObject = 0F6A869A1B8C08B100AADC40 /* Project object */;
}
